
Microsoft Visual Studio Solution File, Format Version 12.00
# Visual Studio Version 17
VisualStudioVersion = 17.6.33829.357
MinimumVisualStudioVersion = 10.0.40219.1
Project("{9A19103F-16F7-4668-BE54-9A1E7A4F7556}") = "GigaChatAPI", "GigaChatAPI\GigaChatAPI.csproj", "{C0958AC5-1002-45A7-831F-E0BEDA8B911C}"
EndProject
Project("{FAE04EC0-301F-11D3-BF4B-00C04F79EFBC}") = "GigaChatSimpleExample", "GigaChatSimpleExample\GigaChatSimpleExample.csproj", "{6BA54B34-EDF7-472E-8D22-9884FDAFCAD8}"
EndProject
Global
	GlobalSection(SolutionConfigurationPlatforms) = preSolution
		Debug|Any CPU = Debug|Any CPU
		Release|Any CPU = Release|Any CPU
	EndGlobalSection
	GlobalSection(ProjectConfigurationPlatforms) = postSolution
		{C0958AC5-1002-45A7-831F-E0BEDA8B911C}.Debug|Any CPU.ActiveCfg = Debug|Any CPU
		{C0958AC5-1002-45A7-831F-E0BEDA8B911C}.Debug|Any CPU.Build.0 = Debug|Any CPU
		{C0958AC5-1002-45A7-831F-E0BEDA8B911C}.Release|Any CPU.ActiveCfg = Release|Any CPU
		{C0958AC5-1002-45A7-831F-E0BEDA8B911C}.Release|Any CPU.Build.0 = Release|Any CPU
		{6BA54B34-EDF7-472E-8D22-9884FDAFCAD8}.Debug|Any CPU.ActiveCfg = Debug|Any CPU
		{6BA54B34-EDF7-472E-8D22-9884FDAFCAD8}.Debug|Any CPU.Build.0 = Debug|Any CPU
		{6BA54B34-EDF7-472E-8D22-9884FDAFCAD8}.Release|Any CPU.ActiveCfg = Release|Any CPU
		{6BA54B34-EDF7-472E-8D22-9884FDAFCAD8}.Release|Any CPU.Build.0 = Release|Any CPU
	EndGlobalSection
	GlobalSection(SolutionProperties) = preSolution
		HideSolutionNode = FALSE
	EndGlobalSection
	GlobalSection(ExtensibilityGlobals) = postSolution
		SolutionGuid = {A1FD5A8B-7C5E-45AA-A655-73083216EDF0}
	EndGlobalSection
EndGlobal
